// !$*UTF8*$!
{
	archiveVersion = 1;
	classes = {
	};
	objectVersion = 46;
	objects = {

/* Begin PBXBuildFile section */
		220B2DC615DC446E006F8E44 /* ServiceViewController.m in Sources */ = {isa = PBXBuildFile; fileRef = 220B2DC515DC446E006F8E44 /* ServiceViewController.m */; };
		221CEA8A160EACD70043B023 /* Default-568h@2x.png in Resources */ = {isa = PBXBuildFile; fileRef = 221CEA89160EACD70043B023 /* Default-568h@2x.png */; };
		2250D240160C10240057CD21 /* ScanViewController.m in Sources */ = {isa = PBXBuildFile; fileRef = 2250D23F160C10240057CD21 /* ScanViewController.m */; };
		22B6EDC516CD988200FCFFC1 /* CoreBluetooth.framework in Frameworks */ = {isa = PBXBuildFile; fileRef = 22B6EDC416CD988200FCFFC1 /* CoreBluetooth.framework */; };
		22B6EDC716CD989900FCFFC1 /* UIKit.framework in Frameworks */ = {isa = PBXBuildFile; fileRef = 22B6EDC616CD989900FCFFC1 /* UIKit.framework */; };
		22B6EDC916CD992700FCFFC1 /* CoreGraphics.framework in Frameworks */ = {isa = PBXBuildFile; fileRef = 22B6EDC816CD992700FCFFC1 /* CoreGraphics.framework */; };
		22DB66E6151102B300BEE9D5 /* Foundation.framework in Frameworks */ = {isa = PBXBuildFile; fileRef = 22EED42C14F854C300D83F04 /* Foundation.framework */; };
		22DB66EE151102B300BEE9D5 /* InfoPlist.strings in Resources */ = {isa = PBXBuildFile; fileRef = 22DB66EC151102B300BEE9D5 /* InfoPlist.strings */; };
		22DB66F0151102B300BEE9D5 /* main.m in Sources */ = {isa = PBXBuildFile; fileRef = 22DB66EF151102B300BEE9D5 /* main.m */; };
		22DB66F4151102B300BEE9D5 /* AppDelegate.m in Sources */ = {isa = PBXBuildFile; fileRef = 22DB66F3151102B300BEE9D5 /* AppDelegate.m */; };
		22F27208160E809F006993AC /* Revolve-Icon-114px.png in Resources */ = {isa = PBXBuildFile; fileRef = 22F27204160E809E006993AC /* Revolve-Icon-114px.png */; };
		22F27209160E809F006993AC /* Revolve-Icon-144px.png in Resources */ = {isa = PBXBuildFile; fileRef = 22F27205160E809F006993AC /* Revolve-Icon-144px.png */; };
		22F2720A160E809F006993AC /* Revolve-Icon-57px.png in Resources */ = {isa = PBXBuildFile; fileRef = 22F27206160E809F006993AC /* Revolve-Icon-57px.png */; };
		22F2720B160E809F006993AC /* Revolve-Icon-72px.png in Resources */ = {isa = PBXBuildFile; fileRef = 22F27207160E809F006993AC /* Revolve-Icon-72px.png */; };
/* End PBXBuildFile section */

/* Begin PBXFileReference section */
		220B2DC415DC446E006F8E44 /* ServiceViewController.h */ = {isa = PBXFileReference; fileEncoding = 4; lastKnownFileType = sourcecode.c.h; path = ServiceViewController.h; sourceTree = "<group>"; };
		220B2DC515DC446E006F8E44 /* ServiceViewController.m */ = {isa = PBXFileReference; fileEncoding = 4; lastKnownFileType = sourcecode.c.objc; path = ServiceViewController.m; sourceTree = "<group>"; };
		221CEA89160EACD70043B023 /* Default-568h@2x.png */ = {isa = PBXFileReference; lastKnownFileType = image.png; path = "Default-568h@2x.png"; sourceTree = "<group>"; };
		2250D23E160C10240057CD21 /* ScanViewController.h */ = {isa = PBXFileReference; fileEncoding = 4; lastKnownFileType = sourcecode.c.h; path = ScanViewController.h; sourceTree = "<group>"; };
		2250D23F160C10240057CD21 /* ScanViewController.m */ = {isa = PBXFileReference; fileEncoding = 4; lastKnownFileType = sourcecode.c.objc; path = ScanViewController.m; sourceTree = "<group>"; };
		22B6EDC416CD988200FCFFC1 /* CoreBluetooth.framework */ = {isa = PBXFileReference; lastKnownFileType = wrapper.framework; name = CoreBluetooth.framework; path = Platforms/iPhoneOS.platform/Developer/SDKs/iPhoneOS6.1.sdk/System/Library/Frameworks/CoreBluetooth.framework; sourceTree = DEVELOPER_DIR; };
		22B6EDC616CD989900FCFFC1 /* UIKit.framework */ = {isa = PBXFileReference; lastKnownFileType = wrapper.framework; name = UIKit.framework; path = Platforms/iPhoneOS.platform/Developer/SDKs/iPhoneOS6.1.sdk/System/Library/Frameworks/UIKit.framework; sourceTree = DEVELOPER_DIR; };
		22B6EDC816CD992700FCFFC1 /* CoreGraphics.framework */ = {isa = PBXFileReference; lastKnownFileType = wrapper.framework; name = CoreGraphics.framework; path = Platforms/iPhoneOS.platform/Developer/SDKs/iPhoneOS6.1.sdk/System/Library/Frameworks/CoreGraphics.framework; sourceTree = DEVELOPER_DIR; };
		22DB66E2151102B300BEE9D5 /* KubiApp.app */ = {isa = PBXFileReference; explicitFileType = wrapper.application; includeInIndex = 0; path = KubiApp.app; sourceTree = BUILT_PRODUCTS_DIR; };
		22DB66ED151102B300BEE9D5 /* en */ = {isa = PBXFileReference; lastKnownFileType = text.plist.strings; name = en; path = en.lproj/InfoPlist.strings; sourceTree = "<group>"; };
		22DB66EF151102B300BEE9D5 /* main.m */ = {isa = PBXFileReference; lastKnownFileType = sourcecode.c.objc; path = main.m; sourceTree = "<group>"; };
		22DB66F1151102B300BEE9D5 /* Prefix.pch */ = {isa = PBXFileReference; lastKnownFileType = sourcecode.c.h; path = Prefix.pch; sourceTree = "<group>"; };
		22DB66F2151102B300BEE9D5 /* AppDelegate.h */ = {isa = PBXFileReference; lastKnownFileType = sourcecode.c.h; path = AppDelegate.h; sourceTree = "<group>"; };
		22DB66F3151102B300BEE9D5 /* AppDelegate.m */ = {isa = PBXFileReference; lastKnownFileType = sourcecode.c.objc; path = AppDelegate.m; sourceTree = "<group>"; };
		22DC187815040EC800AD0CBF /* Info.plist */ = {isa = PBXFileReference; lastKnownFileType = text.plist; path = Info.plist; sourceTree = "<group>"; };
		22EED42C14F854C300D83F04 /* Foundation.framework */ = {isa = PBXFileReference; lastKnownFileType = wrapper.framework; name = Foundation.framework; path = System/Library/Frameworks/Foundation.framework; sourceTree = SDKROOT; };
		22F27204160E809E006993AC /* Revolve-Icon-114px.png */ = {isa = PBXFileReference; lastKnownFileType = image.png; path = "Revolve-Icon-114px.png"; sourceTree = "<group>"; };
		22F27205160E809F006993AC /* Revolve-Icon-144px.png */ = {isa = PBXFileReference; lastKnownFileType = image.png; path = "Revolve-Icon-144px.png"; sourceTree = "<group>"; };
		22F27206160E809F006993AC /* Revolve-Icon-57px.png */ = {isa = PBXFileReference; lastKnownFileType = image.png; path = "Revolve-Icon-57px.png"; sourceTree = "<group>"; };
		22F27207160E809F006993AC /* Revolve-Icon-72px.png */ = {isa = PBXFileReference; lastKnownFileType = image.png; path = "Revolve-Icon-72px.png"; sourceTree = "<group>"; };
/* End PBXFileReference section */

/* Begin PBXFrameworksBuildPhase section */
		22DB66DF151102B300BEE9D5 /* Frameworks */ = {
			isa = PBXFrameworksBuildPhase;
			buildActionMask = 2147483647;
			files = (
				22B6EDC916CD992700FCFFC1 /* CoreGraphics.framework in Frameworks */,
				22B6EDC716CD989900FCFFC1 /* UIKit.framework in Frameworks */,
				22B6EDC516CD988200FCFFC1 /* CoreBluetooth.framework in Frameworks */,
				22DB66E6151102B300BEE9D5 /* Foundation.framework in Frameworks */,
			);
			runOnlyForDeploymentPostprocessing = 0;
		};
/* End PBXFrameworksBuildPhase section */

/* Begin PBXGroup section */
		22DB66E9151102B300BEE9D5 /* KubiApp */ = {
			isa = PBXGroup;
			children = (
				22DC187815040EC800AD0CBF /* Info.plist */,
				22DB66EC151102B300BEE9D5 /* InfoPlist.strings */,
				22DB66F1151102B300BEE9D5 /* Prefix.pch */,
				22DB66F2151102B300BEE9D5 /* AppDelegate.h */,
				22DB66F3151102B300BEE9D5 /* AppDelegate.m */,
				2250D23E160C10240057CD21 /* ScanViewController.h */,
				2250D23F160C10240057CD21 /* ScanViewController.m */,
				220B2DC415DC446E006F8E44 /* ServiceViewController.h */,
				220B2DC515DC446E006F8E44 /* ServiceViewController.m */,
				22DB66EF151102B300BEE9D5 /* main.m */,
				221CEA89160EACD70043B023 /* Default-568h@2x.png */,
				22F27204160E809E006993AC /* Revolve-Icon-114px.png */,
				22F27205160E809F006993AC /* Revolve-Icon-144px.png */,
				22F27206160E809F006993AC /* Revolve-Icon-57px.png */,
				22F27207160E809F006993AC /* Revolve-Icon-72px.png */,
			);
			path = KubiApp;
			sourceTree = "<group>";
		};
		22EED41D14F854C300D83F04 = {
			isa = PBXGroup;
			children = (
				22DB66E9151102B300BEE9D5 /* KubiApp */,
				22EED42B14F854C300D83F04 /* Frameworks */,
				22EED42914F854C300D83F04 /* Products */,
			);
			sourceTree = "<group>";
		};
		22EED42914F854C300D83F04 /* Products */ = {
			isa = PBXGroup;
			children = (
				22DB66E2151102B300BEE9D5 /* KubiApp.app */,
			);
			name = Products;
			sourceTree = "<group>";
		};
		22EED42B14F854C300D83F04 /* Frameworks */ = {
			isa = PBXGroup;
			children = (
				22B6EDC816CD992700FCFFC1 /* CoreGraphics.framework */,
				22B6EDC616CD989900FCFFC1 /* UIKit.framework */,
				22B6EDC416CD988200FCFFC1 /* CoreBluetooth.framework */,
				22EED42C14F854C300D83F04 /* Foundation.framework */,
			);
			name = Frameworks;
			sourceTree = "<group>";
		};
/* End PBXGroup section */

/* Begin PBXNativeTarget section */
		22DB66E1151102B300BEE9D5 /* KubiApp */ = {
			isa = PBXNativeTarget;
			buildConfigurationList = 22DB66F7151102B300BEE9D5 /* Build configuration list for PBXNativeTarget "KubiApp" */;
			buildPhases = (
				22DB66DE151102B300BEE9D5 /* Sources */,
				22DB66DF151102B300BEE9D5 /* Frameworks */,
				22DB66E0151102B300BEE9D5 /* Resources */,
			);
			buildRules = (
			);
			dependencies = (
			);
			name = KubiApp;
			productName = KubiApp;
			productReference = 22DB66E2151102B300BEE9D5 /* KubiApp.app */;
			productType = "com.apple.product-type.application";
		};
/* End PBXNativeTarget section */

/* Begin PBXProject section */
		22EED41F14F854C300D83F04 /* Project object */ = {
			isa = PBXProject;
			attributes = {
				LastUpgradeCheck = 0460;
				ORGANIZATIONNAME = "Revolve Robotics Inc.";
			};
			buildConfigurationList = 22EED42214F854C300D83F04 /* Build configuration list for PBXProject "KubiApp" */;
			compatibilityVersion = "Xcode 3.2";
			developmentRegion = English;
			hasScannedForEncodings = 0;
			knownRegions = (
				en,
			);
			mainGroup = 22EED41D14F854C300D83F04;
			productRefGroup = 22EED42914F854C300D83F04 /* Products */;
			projectDirPath = "";
			projectRoot = "";
			targets = (
				22DB66E1151102B300BEE9D5 /* KubiApp */,
			);
		};
/* End PBXProject section */

/* Begin PBXResourcesBuildPhase section */
		22DB66E0151102B300BEE9D5 /* Resources */ = {
			isa = PBXResourcesBuildPhase;
			buildActionMask = 2147483647;
			files = (
				22DB66EE151102B300BEE9D5 /* InfoPlist.strings in Resources */,
				22F27208160E809F006993AC /* Revolve-Icon-114px.png in Resources */,
				22F27209160E809F006993AC /* Revolve-Icon-144px.png in Resources */,
				22F2720A160E809F006993AC /* Revolve-Icon-57px.png in Resources */,
				22F2720B160E809F006993AC /* Revolve-Icon-72px.png in Resources */,
				221CEA8A160EACD70043B023 /* Default-568h@2x.png in Resources */,
			);
			runOnlyForDeploymentPostprocessing = 0;
		};
/* End PBXResourcesBuildPhase section */

/* Begin PBXSourcesBuildPhase section */
		22DB66DE151102B300BEE9D5 /* Sources */ = {
			isa = PBXSourcesBuildPhase;
			buildActionMask = 2147483647;
			files = (
				22DB66F0151102B300BEE9D5 /* main.m in Sources */,
				22DB66F4151102B300BEE9D5 /* AppDelegate.m in Sources */,
				220B2DC615DC446E006F8E44 /* ServiceViewController.m in Sources */,
				2250D240160C10240057CD21 /* ScanViewController.m in Sources */,
			);
			runOnlyForDeploymentPostprocessing = 0;
		};
/* End PBXSourcesBuildPhase section */

/* Begin PBXVariantGroup section */
		22DB66EC151102B300BEE9D5 /* InfoPlist.strings */ = {
			isa = PBXVariantGroup;
			children = (
				22DB66ED151102B300BEE9D5 /* en */,
			);
			name = InfoPlist.strings;
			sourceTree = "<group>";
		};
/* End PBXVariantGroup section */

/* Begin XCBuildConfiguration section */
		22DB66F5151102B300BEE9D5 /* Debug */ = {
			isa = XCBuildConfiguration;
			buildSettings = {
				ARCHS = "$(ARCHS_STANDARD_32_BIT)";
				CODE_SIGN_IDENTITY = "iPhone Developer";
				COMPRESS_PNG_FILES = NO;
				FRAMEWORK_SEARCH_PATHS = (
					"$(inherited)",
					"\"$(SYSTEM_APPS_DIR)/Xcode.app/Contents/Developer/Library/Frameworks\"",
				);
				GCC_PRECOMPILE_PREFIX_HEADER = YES;
				GCC_PREFIX_HEADER = KubiApp/Prefix.pch;
				GCC_WARN_UNINITIALIZED_AUTOS = YES;
				INFOPLIST_FILE = KubiApp/Info.plist;
				IPHONEOS_DEPLOYMENT_TARGET = 5.1;
				PRODUCT_NAME = "$(TARGET_NAME)";
				PROVISIONING_PROFILE = "";
				SDKROOT = iphoneos;
				TARGETED_DEVICE_FAMILY = "1,2";
				WRAPPER_EXTENSION = app;
			};
			name = Debug;
		};
		22DB66F6151102B300BEE9D5 /* Release */ = {
			isa = XCBuildConfiguration;
			buildSettings = {
				ARCHS = "$(ARCHS_STANDARD_32_BIT)";
				CODE_SIGN_IDENTITY = "iPhone Distribution";
				COMPRESS_PNG_FILES = NO;
				FRAMEWORK_SEARCH_PATHS = (
					"$(inherited)",
					"\"$(SYSTEM_APPS_DIR)/Xcode.app/Contents/Developer/Library/Frameworks\"",
				);
				GCC_PRECOMPILE_PREFIX_HEADER = YES;
				GCC_PREFIX_HEADER = KubiApp/Prefix.pch;
				GCC_WARN_UNINITIALIZED_AUTOS = YES;
				INFOPLIST_FILE = KubiApp/Info.plist;
				IPHONEOS_DEPLOYMENT_TARGET = 5.1;
				OTHER_CFLAGS = "-DNS_BLOCK_ASSERTIONS=1";
				PRODUCT_NAME = "$(TARGET_NAME)";
				PROVISIONING_PROFILE = "";
				SDKROOT = iphoneos;
				TARGETED_DEVICE_FAMILY = "1,2";
				VALIDATE_PRODUCT = YES;
				WRAPPER_EXTENSION = app;
			};
			name = Release;
		};
		22EED43514F854C300D83F04 /* Debug */ = {
			isa = XCBuildConfiguration;
			buildSettings = {
				ALWAYS_SEARCH_USER_PATHS = NO;
				ARCHS = "$(ARCHS_STANDARD_64_BIT)";
				CLANG_ENABLE_OBJC_ARC = YES;
				CLANG_WARN_CONSTANT_CONVERSION = YES;
				CLANG_WARN_ENUM_CONVERSION = YES;
				CLANG_WARN_INT_CONVERSION = YES;
				CLANG_WARN__DUPLICATE_METHOD_MATCH = YES;
				COPY_PHASE_STRIP = NO;
				GCC_C_LANGUAGE_STANDARD = gnu99;
				GCC_DYNAMIC_NO_PIC = NO;
				GCC_ENABLE_OBJC_EXCEPTIONS = YES;
				GCC_OPTIMIZATION_LEVEL = 0;
				GCC_PREPROCESSOR_DEFINITIONS = (
					"DEBUG=1",
					"$(inherited)",
				);
				GCC_SYMBOLS_PRIVATE_EXTERN = NO;
				GCC_VERSION = com.apple.compilers.llvm.clang.1_0;
				GCC_WARN_64_TO_32_BIT_CONVERSION = YES;
				GCC_WARN_ABOUT_MISSING_PROTOTYPES = YES;
				GCC_WARN_ABOUT_RETURN_TYPE = YES;
				GCC_WARN_UNINITIALIZED_AUTOS = YES;
				GCC_WARN_UNUSED_VARIABLE = YES;
				MACOSX_DEPLOYMENT_TARGET = 10.7;
				ONLY_ACTIVE_ARCH = YES;
				SDKROOT = macosx;
			};
			name = Debug;
		};
		22EED43614F854C300D83F04 /* Release */ = {
			isa = XCBuildConfiguration;
			buildSettings = {
				ALWAYS_SEARCH_USER_PATHS = NO;
				ARCHS = "$(ARCHS_STANDARD_64_BIT)";
				CLANG_ENABLE_OBJC_ARC = YES;
				CLANG_WARN_CONSTANT_CONVERSION = YES;
				CLANG_WARN_ENUM_CONVERSION = YES;
				CLANG_WARN_INT_CONVERSION = YES;
				CLANG_WARN__DUPLICATE_METHOD_MATCH = YES;
				COPY_PHASE_STRIP = YES;
				DEBUG_INFORMATION_FORMAT = "dwarf-with-dsym";
				GCC_C_LANGUAGE_STANDARD = gnu99;
				GCC_ENABLE_OBJC_EXCEPTIONS = YES;
				GCC_VERSION = com.apple.compilers.llvm.clang.1_0;
				GCC_WARN_64_TO_32_BIT_CONVERSION = YES;
				GCC_WARN_ABOUT_MISSING_PROTOTYPES = YES;
				GCC_WARN_ABOUT_RETURN_TYPE = YES;
				GCC_WARN_UNINITIALIZED_AUTOS = YES;
				GCC_WARN_UNUSED_VARIABLE = YES;
				MACOSX_DEPLOYMENT_TARGET = 10.7;
				SDKROOT = macosx;
			};
			name = Release;
		};
/* End XCBuildConfiguration section */

/* Begin XCConfigurationList section */
		22DB66F7151102B300BEE9D5 /* Build configuration list for PBXNativeTarget "KubiApp" */ = {
			isa = XCConfigurationList;
			buildConfigurations = (
				22DB66F5151102B300BEE9D5 /* Debug */,
				22DB66F6151102B300BEE9D5 /* Release */,
			);
			defaultConfigurationIsVisible = 0;
			defaultConfigurationName = Release;
		};
		22EED42214F854C300D83F04 /* Build configuration list for PBXProject "KubiApp" */ = {
			isa = XCConfigurationList;
			buildConfigurations = (
				22EED43514F854C300D83F04 /* Debug */,
				22EED43614F854C300D83F04 /* Release */,
			);
			defaultConfigurationIsVisible = 0;
			defaultConfigurationName = Release;
		};
/* End XCConfigurationList section */
	};
	rootObject = 22EED41F14F854C300D83F04 /* Project object */;
}
